
Microsoft Visual Studio Solution File, Format Version 12.00
# Visual Studio 15
VisualStudioVersion = 15.0.28307.2092
MinimumVisualStudioVersion = 10.0.40219.1
Project("{FAE04EC0-301F-11D3-BF4B-00C04F79EFBC}") = "OtobitTask1", "OtobitTask1\OtobitTask1.csproj", "{1554F2E4-55F3-411A-93D1-1B8C8E6AD864}"
EndProject
Project("{FAE04EC0-301F-11D3-BF4B-00C04F79EFBC}") = "DAL", "DAL\DAL.csproj", "{EADBEC6A-14D1-4BEF-978A-4F0DF252AD84}"
EndProject
Project("{FAE04EC0-301F-11D3-BF4B-00C04F79EFBC}") = "BAL", "BAL\BAL.csproj", "{EBBCFF88-4D08-4BB9-B6E2-24C3308690B6}"
EndProject
Project("{FAE04EC0-301F-11D3-BF4B-00C04F79EFBC}") = "MODEL", "MODEL\MODEL.csproj", "{A0E8560E-694F-40A9-B2EF-36890A4D42DF}"
EndProject
Global
	GlobalSection(SolutionConfigurationPlatforms) = preSolution
		Debug|Any CPU = Debug|Any CPU
		Release|Any CPU = Release|Any CPU
	EndGlobalSection
	GlobalSection(ProjectConfigurationPlatforms) = postSolution
		{1554F2E4-55F3-411A-93D1-1B8C8E6AD864}.Debug|Any CPU.ActiveCfg = Debug|Any CPU
		{1554F2E4-55F3-411A-93D1-1B8C8E6AD864}.Debug|Any CPU.Build.0 = Debug|Any CPU
		{1554F2E4-55F3-411A-93D1-1B8C8E6AD864}.Release|Any CPU.ActiveCfg = Release|Any CPU
		{1554F2E4-55F3-411A-93D1-1B8C8E6AD864}.Release|Any CPU.Build.0 = Release|Any CPU
		{EADBEC6A-14D1-4BEF-978A-4F0DF252AD84}.Debug|Any CPU.ActiveCfg = Debug|Any CPU
		{EADBEC6A-14D1-4BEF-978A-4F0DF252AD84}.Debug|Any CPU.Build.0 = Debug|Any CPU
		{EADBEC6A-14D1-4BEF-978A-4F0DF252AD84}.Release|Any CPU.ActiveCfg = Release|Any CPU
		{EADBEC6A-14D1-4BEF-978A-4F0DF252AD84}.Release|Any CPU.Build.0 = Release|Any CPU
		{EBBCFF88-4D08-4BB9-B6E2-24C3308690B6}.Debug|Any CPU.ActiveCfg = Debug|Any CPU
		{EBBCFF88-4D08-4BB9-B6E2-24C3308690B6}.Debug|Any CPU.Build.0 = Debug|Any CPU
		{EBBCFF88-4D08-4BB9-B6E2-24C3308690B6}.Release|Any CPU.ActiveCfg = Release|Any CPU
		{EBBCFF88-4D08-4BB9-B6E2-24C3308690B6}.Release|Any CPU.Build.0 = Release|Any CPU
		{A0E8560E-694F-40A9-B2EF-36890A4D42DF}.Debug|Any CPU.ActiveCfg = Debug|Any CPU
		{A0E8560E-694F-40A9-B2EF-36890A4D42DF}.Debug|Any CPU.Build.0 = Debug|Any CPU
		{A0E8560E-694F-40A9-B2EF-36890A4D42DF}.Release|Any CPU.ActiveCfg = Release|Any CPU
		{A0E8560E-694F-40A9-B2EF-36890A4D42DF}.Release|Any CPU.Build.0 = Release|Any CPU
	EndGlobalSection
	GlobalSection(SolutionProperties) = preSolution
		HideSolutionNode = FALSE
	EndGlobalSection
	GlobalSection(ExtensibilityGlobals) = postSolution
		SolutionGuid = {04DA61BB-C689-4BE5-8A97-50057E89E6AF}
	EndGlobalSection
EndGlobal
